
Microsoft Visual Studio Solution File, Format Version 12.00
# Visual Studio 15
VisualStudioVersion = 15.0.26730.3
MinimumVisualStudioVersion = 10.0.40219.1
Project("{9092AA53-FB77-4645-B42D-1CCCA6BD08BD}") = "slick-contacts-api", "slick-contacts-api\slick-contacts-api.njsproj", "{3EF51F42-F4D9-4D4D-B453-B2F9ABA66D1C}"
EndProject
Global
	GlobalSection(SolutionConfigurationPlatforms) = preSolution
		Debug|Any CPU = Debug|Any CPU
		Release|Any CPU = Release|Any CPU
	EndGlobalSection
	GlobalSection(ProjectConfigurationPlatforms) = postSolution
		{3EF51F42-F4D9-4D4D-B453-B2F9ABA66D1C}.Debug|Any CPU.ActiveCfg = Debug|Any CPU
		{3EF51F42-F4D9-4D4D-B453-B2F9ABA66D1C}.Debug|Any CPU.Build.0 = Debug|Any CPU
		{3EF51F42-F4D9-4D4D-B453-B2F9ABA66D1C}.Release|Any CPU.ActiveCfg = Release|Any CPU
		{3EF51F42-F4D9-4D4D-B453-B2F9ABA66D1C}.Release|Any CPU.Build.0 = Release|Any CPU
	EndGlobalSection
	GlobalSection(SolutionProperties) = preSolution
		HideSolutionNode = FALSE
	EndGlobalSection
	GlobalSection(ExtensibilityGlobals) = postSolution
		SolutionGuid = {1D0DD32B-C951-436B-8488-61FD76C25C91}
	EndGlobalSection
EndGlobal
